
Microsoft Visual Studio Solution File, Format Version 12.00
# Visual Studio 2013
VisualStudioVersion = 12.0.31101.0
MinimumVisualStudioVersion = 10.0.40219.1
Project("{FAE04EC0-301F-11D3-BF4B-00C04F79EFBC}") = "AbstractFactory.DataAccess.Test", "AbstractFactory.DataAccess.Test\AbstractFactory.DataAccess.Test.csproj", "{635781FD-099F-4987-9F92-034672F0D691}"
EndProject
Project("{2150E333-8FDC-42A3-9474-1A3956D46DE8}") = ".nuget", ".nuget", "{A47535B5-151C-459F-826E-F6DFA3753689}"
	ProjectSection(SolutionItems) = preProject
		.nuget\NuGet.Config = .nuget\NuGet.Config
		.nuget\NuGet.exe = .nuget\NuGet.exe
		.nuget\NuGet.targets = .nuget\NuGet.targets
	EndProjectSection
EndProject
Project("{FAE04EC0-301F-11D3-BF4B-00C04F79EFBC}") = "AbstractFactory.Core", "AbstractFactory.Core\AbstractFactory.Core.csproj", "{C98BA406-E1DB-40C5-A301-1A77AF368562}"
EndProject
Project("{FAE04EC0-301F-11D3-BF4B-00C04F79EFBC}") = "AbstractFactory.DataAccess", "AbstractFactory.DataAccess\AbstractFactory.DataAccess.csproj", "{6428F56F-F6F3-43C9-94D3-AAAB41AA9679}"
EndProject
Project("{FAE04EC0-301F-11D3-BF4B-00C04F79EFBC}") = "AbstractFactory.Lib", "AbstractFactory.Lib\AbstractFactory.Lib.csproj", "{85EF2828-6E15-4F77-A588-9323219B06A2}"
EndProject
Project("{FAE04EC0-301F-11D3-BF4B-00C04F79EFBC}") = "AbstractFactory.Consola", "AbstractFactory.Consola\AbstractFactory.Consola.csproj", "{A795B8A5-5817-4BFF-BAAB-65B41DE736E8}"
EndProject
Global
	GlobalSection(SolutionConfigurationPlatforms) = preSolution
		Debug|Any CPU = Debug|Any CPU
		Release|Any CPU = Release|Any CPU
	EndGlobalSection
	GlobalSection(ProjectConfigurationPlatforms) = postSolution
		{635781FD-099F-4987-9F92-034672F0D691}.Debug|Any CPU.ActiveCfg = Debug|Any CPU
		{635781FD-099F-4987-9F92-034672F0D691}.Debug|Any CPU.Build.0 = Debug|Any CPU
		{635781FD-099F-4987-9F92-034672F0D691}.Release|Any CPU.ActiveCfg = Release|Any CPU
		{635781FD-099F-4987-9F92-034672F0D691}.Release|Any CPU.Build.0 = Release|Any CPU
		{C98BA406-E1DB-40C5-A301-1A77AF368562}.Debug|Any CPU.ActiveCfg = Debug|Any CPU
		{C98BA406-E1DB-40C5-A301-1A77AF368562}.Debug|Any CPU.Build.0 = Debug|Any CPU
		{C98BA406-E1DB-40C5-A301-1A77AF368562}.Release|Any CPU.ActiveCfg = Release|Any CPU
		{C98BA406-E1DB-40C5-A301-1A77AF368562}.Release|Any CPU.Build.0 = Release|Any CPU
		{6428F56F-F6F3-43C9-94D3-AAAB41AA9679}.Debug|Any CPU.ActiveCfg = Debug|Any CPU
		{6428F56F-F6F3-43C9-94D3-AAAB41AA9679}.Debug|Any CPU.Build.0 = Debug|Any CPU
		{6428F56F-F6F3-43C9-94D3-AAAB41AA9679}.Release|Any CPU.ActiveCfg = Release|Any CPU
		{6428F56F-F6F3-43C9-94D3-AAAB41AA9679}.Release|Any CPU.Build.0 = Release|Any CPU
		{85EF2828-6E15-4F77-A588-9323219B06A2}.Debug|Any CPU.ActiveCfg = Debug|Any CPU
		{85EF2828-6E15-4F77-A588-9323219B06A2}.Debug|Any CPU.Build.0 = Debug|Any CPU
		{85EF2828-6E15-4F77-A588-9323219B06A2}.Release|Any CPU.ActiveCfg = Release|Any CPU
		{85EF2828-6E15-4F77-A588-9323219B06A2}.Release|Any CPU.Build.0 = Release|Any CPU
		{A795B8A5-5817-4BFF-BAAB-65B41DE736E8}.Debug|Any CPU.ActiveCfg = Debug|Any CPU
		{A795B8A5-5817-4BFF-BAAB-65B41DE736E8}.Debug|Any CPU.Build.0 = Debug|Any CPU
		{A795B8A5-5817-4BFF-BAAB-65B41DE736E8}.Release|Any CPU.ActiveCfg = Release|Any CPU
		{A795B8A5-5817-4BFF-BAAB-65B41DE736E8}.Release|Any CPU.Build.0 = Release|Any CPU
	EndGlobalSection
	GlobalSection(SolutionProperties) = preSolution
		HideSolutionNode = FALSE
	EndGlobalSection
EndGlobal
